
Microsoft Visual Studio Solution File, Format Version 12.00
# Visual Studio Version 16
VisualStudioVersion = 16.0.32106.194
MinimumVisualStudioVersion = 10.0.40219.1
Project("{FAE04EC0-301F-11D3-BF4B-00C04F79EFBC}") = "ClassExample040422", "ClassExample040422.csproj", "{B9DF74C2-AC39-467F-A88E-BC3B1A063E99}"
EndProject
Global
	GlobalSection(SolutionConfigurationPlatforms) = preSolution
		Debug|Any CPU = Debug|Any CPU
		Release|Any CPU = Release|Any CPU
	EndGlobalSection
	GlobalSection(ProjectConfigurationPlatforms) = postSolution
		{B9DF74C2-AC39-467F-A88E-BC3B1A063E99}.Debug|Any CPU.ActiveCfg = Debug|Any CPU
		{B9DF74C2-AC39-467F-A88E-BC3B1A063E99}.Debug|Any CPU.Build.0 = Debug|Any CPU
		{B9DF74C2-AC39-467F-A88E-BC3B1A063E99}.Release|Any CPU.ActiveCfg = Release|Any CPU
		{B9DF74C2-AC39-467F-A88E-BC3B1A063E99}.Release|Any CPU.Build.0 = Release|Any CPU
	EndGlobalSection
	GlobalSection(SolutionProperties) = preSolution
		HideSolutionNode = FALSE
	EndGlobalSection
	GlobalSection(ExtensibilityGlobals) = postSolution
		SolutionGuid = {6E02DE78-7BCA-400C-AF1C-AA7B522C571C}
	EndGlobalSection
EndGlobal
